
Microsoft Visual Studio Solution File, Format Version 12.00
# Visual Studio 15
VisualStudioVersion = 15.0.28010.2041
MinimumVisualStudioVersion = 10.0.40219.1
Project("{8BC9CEB8-8B4A-11D0-8D11-00A0C91BC942}") = "Markone", "Markone\Markone.vcxproj", "{3DA8DFA2-25DB-463E-B4EB-F9FFDC6E105A}"
EndProject
Global
	GlobalSection(SolutionConfigurationPlatforms) = preSolution
		Debug|x64 = Debug|x64
		Debug|x86 = Debug|x86
		Release|x64 = Release|x64
		Release|x86 = Release|x86
	EndGlobalSection
	GlobalSection(ProjectConfigurationPlatforms) = postSolution
		{3DA8DFA2-25DB-463E-B4EB-F9FFDC6E105A}.Debug|x64.ActiveCfg = Debug|x64
		{3DA8DFA2-25DB-463E-B4EB-F9FFDC6E105A}.Debug|x64.Build.0 = Debug|x64
		{3DA8DFA2-25DB-463E-B4EB-F9FFDC6E105A}.Debug|x86.ActiveCfg = Debug|Win32
		{3DA8DFA2-25DB-463E-B4EB-F9FFDC6E105A}.Debug|x86.Build.0 = Debug|Win32
		{3DA8DFA2-25DB-463E-B4EB-F9FFDC6E105A}.Release|x64.ActiveCfg = Release|x64
		{3DA8DFA2-25DB-463E-B4EB-F9FFDC6E105A}.Release|x64.Build.0 = Release|x64
		{3DA8DFA2-25DB-463E-B4EB-F9FFDC6E105A}.Release|x86.ActiveCfg = Release|Win32
		{3DA8DFA2-25DB-463E-B4EB-F9FFDC6E105A}.Release|x86.Build.0 = Release|Win32
	EndGlobalSection
	GlobalSection(SolutionProperties) = preSolution
		HideSolutionNode = FALSE
	EndGlobalSection
	GlobalSection(ExtensibilityGlobals) = postSolution
		SolutionGuid = {D4FAEE01-F976-4ACD-9FB2-A1433DBFDCA4}
	EndGlobalSection
EndGlobal
